{
  "name": "ledgergw",
  "version": "1.0.0",
  "lockfileVersion": 1,
  "requires": true,
  "dependencies": {
    "bootstrap": {
      "version": "5.2.3",
      "resolved": "https://registry.npmjs.org/bootstrap/-/bootstrap-5.2.3.tgz",
      "integrity": "sha512-cEKPM+fwb3cT8NzQZYEu4HilJ3anCrWqh3CHAok1p9jXqMPsPTBhU25fBckEJHJ/p+tTxTFTsFQGM+gaHpi3QQ==",
      "dev": true
    },
    "bootstrap-datepicker": {
      "version": "1.9.0",
      "resolved": "https://registry.npmjs.org/bootstrap-datepicker/-/bootstrap-datepicker-1.9.0.tgz",
      "integrity": "sha1-5L/OP8zhlnh2sh3Ggz7FmUqu0JA=",
      "dev": true,
      "requires": {
        "jquery": ">=1.7.1 <4.0.0"
      }
    },
    "bootstrap-datetimepicker": {
      "version": "0.0.7",
      "resolved": "https://registry.npmjs.org/bootstrap-datetimepicker/-/bootstrap-datetimepicker-0.0.7.tgz",
      "integrity": "sha1-qYMSZIiUuBkVUxsFf/dCg1hD+XE=",
      "dev": true
    },
    "bootstrap-icons": {
      "version": "1.5.0",
      "resolved": "https://registry.npmjs.org/bootstrap-icons/-/bootstrap-icons-1.5.0.tgz",
      "integrity": "sha512-44feMc7DE1Ccpsas/1wioN8ewFJNquvi5FewA06wLnqct7CwMdGDVy41ieHaacogzDqLfG8nADIvMNp9e4bfbA==",
      "dev": true
    },
    "component-type": {
      "version": "1.2.1",
      "resolved": "https://registry.npmjs.org/component-type/-/component-type-1.2.1.tgz",
      "integrity": "sha1-ikeQFwAjjk/DIml3EjAibyS0Fak=",
      "dev": true
    },
    "datetimepicker": {
      "version": "0.1.39",
      "resolved": "https://registry.npmjs.org/datetimepicker/-/datetimepicker-0.1.39.tgz",
      "integrity": "sha1-e39GXcxUvH/HMc89zYdSvPxpCFo=",
      "dev": true
    },
    "eivindfjeldstad-dot": {
      "version": "0.0.1",
      "resolved": "https://registry.npmjs.org/eivindfjeldstad-dot/-/eivindfjeldstad-dot-0.0.1.tgz",
      "integrity": "sha1-IvyXa/rzBuCDmjHbjoITSA+vuJM=",
      "dev": true
    },
    "eonasdan-bootstrap-datetimepicker": {
      "version": "4.17.49",
      "resolved": "https://registry.npmjs.org/eonasdan-bootstrap-datetimepicker/-/eonasdan-bootstrap-datetimepicker-4.17.49.tgz",
      "integrity": "sha1-VTS6WBwefrmI2/dz4v7Yp/SMx2o=",
      "dev": true,
      "requires": {
        "bootstrap": "^3.3",
        "jquery": "^3.5.1",
        "moment": "^2.10",
        "moment-timezone": "^0.4.0"
      },
      "dependencies": {
        "bootstrap": {
          "version": "3.4.1",
          "resolved": "https://registry.npmjs.org/bootstrap/-/bootstrap-3.4.1.tgz",
          "integrity": "sha512-yN5oZVmRCwe5aKwzRj6736nSmKDX7pLYwsXiCj/EYmo16hODaBiT4En5btW/jhBF/seV+XMx3aYwukYC3A49DA==",
          "dev": true
        },
        "moment-timezone": {
          "version": "0.4.1",
          "resolved": "https://registry.npmjs.org/moment-timezone/-/moment-timezone-0.4.1.tgz",
          "integrity": "sha512-5cNPVUwaVJDCe9JM8m/qz17f9SkaI8rpnRUyDJi2K5HAd6EwhuQ3n5nLclZkNC/qJnomKgQH2TIu70Gy2dxFKA==",
          "dev": true,
          "requires": {
            "moment": ">= 2.6.0"
          }
        }
      }
    },
    "jquery": {
      "version": "3.6.0",
      "resolved": "https://registry.npmjs.org/jquery/-/jquery-3.6.0.tgz",
      "integrity": "sha1-xyoJ8Vwb3OFC9J2/EXC9+K2sJHA=",
      "dev": true
    },
    "moment": {
      "version": "2.29.1",
      "resolved": "https://registry.npmjs.org/moment/-/moment-2.29.1.tgz",
      "integrity": "sha1-sr52n6MZQL6e7qZGnAdeNQBvo9M=",
      "dev": true
    },
    "moment-timezone": {
      "version": "0.5.35",
      "resolved": "https://registry.npmjs.org/moment-timezone/-/moment-timezone-0.5.35.tgz",
      "integrity": "sha512-cY/pBOEXepQvlgli06ttCTKcIf8cD1nmNwOKQQAdHBqYApQSpAqotBMX0RJZNgMp6i0PlZuf1mFtnlyEkwyvFw==",
      "dev": true,
      "requires": {
        "moment": ">= 2.9.0"
      }
    },
    "timepicker": {
      "version": "1.13.18",
      "resolved": "https://registry.npmjs.org/timepicker/-/timepicker-1.13.18.tgz",
      "integrity": "sha1-swq2YpiHCIiQ9ruoN/1R8Iaet64=",
      "dev": true,
      "requires": {
        "jquery": "^3.5.1"
      }
    },
    "twitter-bootstrap": {
      "version": "2.1.1",
      "resolved": "https://registry.npmjs.org/twitter-bootstrap/-/twitter-bootstrap-2.1.1.tgz",
      "integrity": "sha1-WRoPBb1565Ksulo+LLV3F53eh4Q=",
      "dev": true
    },
    "typecast": {
      "version": "0.0.1",
      "resolved": "https://registry.npmjs.org/typecast/-/typecast-0.0.1.tgz",
      "integrity": "sha1-//t13La98d744pO2tuiT1sHtGd4=",
      "dev": true
    },
    "validate": {
      "version": "5.1.0",
      "resolved": "https://registry.npmjs.org/validate/-/validate-5.1.0.tgz",
      "integrity": "sha1-EtaF40YGdkbLpJGyeZStmLYxn84=",
      "dev": true,
      "requires": {
        "component-type": "1.2.1",
        "eivindfjeldstad-dot": "0.0.1",
        "typecast": "0.0.1"
      }
    }
  }
}
