{
  "name": "ledgergw",
  "version": "1.0.0",
  "lockfileVersion": 1,
  "requires": true,
  "dependencies": {
    "@popperjs/core": {
      "version": "2.11.8",
      "resolved": "https://registry.npmjs.org/@popperjs/core/-/core-2.11.8.tgz",
      "integrity": "sha512-P1st0aksCrn9sGZhp8GMYwBnQsbvAWsZAX44oXNNvLHGqAOcoVxmjZiohstwQ7SqKnbR47akdNi+uleWD8+g6A==",
      "dev": true
    },
    "bootstrap": {
      "version": "5.3.3",
      "resolved": "https://registry.npmjs.org/bootstrap/-/bootstrap-5.3.3.tgz",
      "integrity": "sha512-8HLCdWgyoMguSO9o+aH+iuZ+aht+mzW0u3HIMzVu7Srrpv7EBBxTnrFlSCskwdY1+EOFQSm7uMJhNQHkdPcmjg==",
      "dev": true
    },
    "bootstrap-datepicker": {
      "version": "1.10.0",
      "resolved": "https://registry.npmjs.org/bootstrap-datepicker/-/bootstrap-datepicker-1.10.0.tgz",
      "integrity": "sha512-lWxtSYddAQOpbAO8UhYhHLcK6425eWoSjb5JDvZU3ePHEPF6A3eUr51WKaFy4PccU19JRxUG6wEU3KdhtKfvpg==",
      "dev": true,
      "requires": {
        "jquery": ">=3.4.0 <4.0.0"
      }
    },
    "bootstrap-datetimepicker": {
      "version": "0.0.7",
      "resolved": "https://registry.npmjs.org/bootstrap-datetimepicker/-/bootstrap-datetimepicker-0.0.7.tgz",
      "integrity": "sha1-qYMSZIiUuBkVUxsFf/dCg1hD+XE=",
      "dev": true
    },
    "bootstrap-icons": {
      "version": "1.5.0",
      "resolved": "https://registry.npmjs.org/bootstrap-icons/-/bootstrap-icons-1.5.0.tgz",
      "integrity": "sha512-44feMc7DE1Ccpsas/1wioN8ewFJNquvi5FewA06wLnqct7CwMdGDVy41ieHaacogzDqLfG8nADIvMNp9e4bfbA==",
      "dev": true
    },
    "component-type": {
      "version": "1.2.1",
      "resolved": "https://registry.npmjs.org/component-type/-/component-type-1.2.1.tgz",
      "integrity": "sha1-ikeQFwAjjk/DIml3EjAibyS0Fak=",
      "dev": true
    },
    "datatables.net": {
      "version": "2.0.7",
      "resolved": "https://registry.npmjs.org/datatables.net/-/datatables.net-2.0.7.tgz",
      "integrity": "sha512-cyW+HZwkMzb4bLrao/SS9/i64ZHiw5nYhXl+OwuOPgddG+R9O11iOEke8wYsdiyOQmjv2mE6xkEmRMZwHZc8zw==",
      "dev": true,
      "requires": {
        "jquery": ">=1.7"
      }
    },
    "datatables.net-bs5": {
      "version": "2.0.7",
      "resolved": "https://registry.npmjs.org/datatables.net-bs5/-/datatables.net-bs5-2.0.7.tgz",
      "integrity": "sha512-izDLJgwC/MxxomUKL73gVJZj5po4QQ4Ud1k9hRszuiMsz1xKqdiLVgiW/2qlr5+cLwEVKqBY4rf0SgtQpzQyxg==",
      "dev": true,
      "requires": {
        "datatables.net": "2.0.7",
        "jquery": ">=1.7"
      }
    },
    "datetimepicker": {
      "version": "0.1.39",
      "resolved": "https://registry.npmjs.org/datetimepicker/-/datetimepicker-0.1.39.tgz",
      "integrity": "sha1-e39GXcxUvH/HMc89zYdSvPxpCFo=",
      "dev": true
    },
    "eivindfjeldstad-dot": {
      "version": "0.0.1",
      "resolved": "https://registry.npmjs.org/eivindfjeldstad-dot/-/eivindfjeldstad-dot-0.0.1.tgz",
      "integrity": "sha1-IvyXa/rzBuCDmjHbjoITSA+vuJM=",
      "dev": true
    },
    "jquery": {
      "version": "3.7.1",
      "resolved": "https://registry.npmjs.org/jquery/-/jquery-3.7.1.tgz",
      "integrity": "sha512-m4avr8yL8kmFN8psrbFFFmB/If14iN5o9nw/NgnnM+kybDJpRsAynV2BsfpTYrTRysYUdADVD7CkUUizgkpLfg==",
      "dev": true
    },
    "moment": {
      "version": "2.30.1",
      "resolved": "https://registry.npmjs.org/moment/-/moment-2.30.1.tgz",
      "integrity": "sha512-uEmtNhbDOrWPFS+hdjFCBfy9f2YoyzRpwcl+DqpC6taX21FzsTLQVbMV/W7PzNSX6x/bhC1zA3c2UQ5NzH6how==",
      "dev": true
    },
    "moment-timezone": {
      "version": "0.5.45",
      "resolved": "https://registry.npmjs.org/moment-timezone/-/moment-timezone-0.5.45.tgz",
      "integrity": "sha512-HIWmqA86KcmCAhnMAN0wuDOARV/525R2+lOLotuGFzn4HO+FH+/645z2wx0Dt3iDv6/p61SIvKnDstISainhLQ==",
      "dev": true,
      "requires": {
        "moment": "^2.29.4"
      }
    },
    "simplicite-bootstrap-datetimepicker": {
      "version": "1.1.0",
      "resolved": "https://registry.npmjs.org/simplicite-bootstrap-datetimepicker/-/simplicite-bootstrap-datetimepicker-1.1.0.tgz",
      "integrity": "sha512-ry0m6Sr/SPxPL3atKAR2HHFIlDM1KYqpjIti1gwCOJlWTGguuPe1NjgBLwEurkGxrZg75bTV6J9dx1eZZg21Ag==",
      "dev": true,
      "requires": {
        "bootstrap-datetimepicker": "0.0.7"
      }
    },
    "timepicker": {
      "version": "1.13.18",
      "resolved": "https://registry.npmjs.org/timepicker/-/timepicker-1.13.18.tgz",
      "integrity": "sha1-swq2YpiHCIiQ9ruoN/1R8Iaet64=",
      "dev": true,
      "requires": {
        "jquery": "^3.5.1"
      }
    },
    "twitter-bootstrap": {
      "version": "2.1.1",
      "resolved": "https://registry.npmjs.org/twitter-bootstrap/-/twitter-bootstrap-2.1.1.tgz",
      "integrity": "sha1-WRoPBb1565Ksulo+LLV3F53eh4Q=",
      "dev": true
    },
    "typecast": {
      "version": "0.0.1",
      "resolved": "https://registry.npmjs.org/typecast/-/typecast-0.0.1.tgz",
      "integrity": "sha1-//t13La98d744pO2tuiT1sHtGd4=",
      "dev": true
    },
    "validate": {
      "version": "5.1.0",
      "resolved": "https://registry.npmjs.org/validate/-/validate-5.1.0.tgz",
      "integrity": "sha1-EtaF40YGdkbLpJGyeZStmLYxn84=",
      "dev": true,
      "requires": {
        "component-type": "1.2.1",
        "eivindfjeldstad-dot": "0.0.1",
        "typecast": "0.0.1"
      }
    }
  }
}
